
Microsoft Visual Studio Solution File, Format Version 12.00
# Visual Studio Version 16
VisualStudioVersion = 16.0.30225.117
MinimumVisualStudioVersion = 10.0.40219.1
Project("{888888A0-9F3D-457C-B088-3A5042F75D52}") = "Recursion", "Recursion\Recursion.pyproj", "{12147F71-BFFB-4BCA-8C1D-ADEB41EE7583}"
EndProject
Global
	GlobalSection(SolutionConfigurationPlatforms) = preSolution
		Debug|Any CPU = Debug|Any CPU
		Release|Any CPU = Release|Any CPU
	EndGlobalSection
	GlobalSection(ProjectConfigurationPlatforms) = postSolution
		{12147F71-BFFB-4BCA-8C1D-ADEB41EE7583}.Debug|Any CPU.ActiveCfg = Debug|Any CPU
		{12147F71-BFFB-4BCA-8C1D-ADEB41EE7583}.Release|Any CPU.ActiveCfg = Release|Any CPU
	EndGlobalSection
	GlobalSection(SolutionProperties) = preSolution
		HideSolutionNode = FALSE
	EndGlobalSection
	GlobalSection(ExtensibilityGlobals) = postSolution
		SolutionGuid = {AE577684-E057-4784-9183-A54B4232D5D8}
	EndGlobalSection
EndGlobal
